
Microsoft Visual Studio Solution File, Format Version 12.00
# Visual Studio Version 17
VisualStudioVersion = 17.9.34616.47
MinimumVisualStudioVersion = 10.0.40219.1
Project("{8BC9CEB8-8B4A-11D0-8D11-00A0C91BC942}") = "AutoUpdate", "AutoUpdate\AutoUpdate.vcxproj", "{5AE72C49-EEEA-4759-893D-252C456EE094}"
EndProject
Project("{8BC9CEB8-8B4A-11D0-8D11-00A0C91BC942}") = "Config", "Config\Config.vcxproj", "{63FA359F-EBE5-4F52-B369-7EB04E8C4A0C}"
EndProject
Project("{8BC9CEB8-8B4A-11D0-8D11-00A0C91BC942}") = "Common", "Common\Common.vcxitems", "{B9FE9075-218B-4B9A-B243-B9EB2642150D}"
EndProject
Project("{8BC9CEB8-8B4A-11D0-8D11-00A0C91BC942}") = "Updater", "Updater\Updater.vcxproj", "{7D2E069B-99B8-4770-A8E3-C20C004160DD}"
EndProject
Global
	GlobalSection(SolutionConfigurationPlatforms) = preSolution
		Debug|x64 = Debug|x64
		Debug|x86 = Debug|x86
		Release|x64 = Release|x64
		Release|x86 = Release|x86
	EndGlobalSection
	GlobalSection(ProjectConfigurationPlatforms) = postSolution
		{5AE72C49-EEEA-4759-893D-252C456EE094}.Debug|x64.ActiveCfg = Debug|x64
		{5AE72C49-EEEA-4759-893D-252C456EE094}.Debug|x64.Build.0 = Debug|x64
		{5AE72C49-EEEA-4759-893D-252C456EE094}.Debug|x86.ActiveCfg = Debug|Win32
		{5AE72C49-EEEA-4759-893D-252C456EE094}.Debug|x86.Build.0 = Debug|Win32
		{5AE72C49-EEEA-4759-893D-252C456EE094}.Release|x64.ActiveCfg = Release|x64
		{5AE72C49-EEEA-4759-893D-252C456EE094}.Release|x64.Build.0 = Release|x64
		{5AE72C49-EEEA-4759-893D-252C456EE094}.Release|x86.ActiveCfg = Release|Win32
		{5AE72C49-EEEA-4759-893D-252C456EE094}.Release|x86.Build.0 = Release|Win32
		{63FA359F-EBE5-4F52-B369-7EB04E8C4A0C}.Debug|x64.ActiveCfg = Debug|x64
		{63FA359F-EBE5-4F52-B369-7EB04E8C4A0C}.Debug|x64.Build.0 = Debug|x64
		{63FA359F-EBE5-4F52-B369-7EB04E8C4A0C}.Debug|x86.ActiveCfg = Debug|Win32
		{63FA359F-EBE5-4F52-B369-7EB04E8C4A0C}.Debug|x86.Build.0 = Debug|Win32
		{63FA359F-EBE5-4F52-B369-7EB04E8C4A0C}.Release|x64.ActiveCfg = Release|x64
		{63FA359F-EBE5-4F52-B369-7EB04E8C4A0C}.Release|x64.Build.0 = Release|x64
		{63FA359F-EBE5-4F52-B369-7EB04E8C4A0C}.Release|x86.ActiveCfg = Release|Win32
		{63FA359F-EBE5-4F52-B369-7EB04E8C4A0C}.Release|x86.Build.0 = Release|Win32
		{7D2E069B-99B8-4770-A8E3-C20C004160DD}.Debug|x64.ActiveCfg = Debug|x64
		{7D2E069B-99B8-4770-A8E3-C20C004160DD}.Debug|x64.Build.0 = Debug|x64
		{7D2E069B-99B8-4770-A8E3-C20C004160DD}.Debug|x86.ActiveCfg = Debug|Win32
		{7D2E069B-99B8-4770-A8E3-C20C004160DD}.Debug|x86.Build.0 = Debug|Win32
		{7D2E069B-99B8-4770-A8E3-C20C004160DD}.Release|x64.ActiveCfg = Release|x64
		{7D2E069B-99B8-4770-A8E3-C20C004160DD}.Release|x64.Build.0 = Release|x64
		{7D2E069B-99B8-4770-A8E3-C20C004160DD}.Release|x86.ActiveCfg = Release|Win32
		{7D2E069B-99B8-4770-A8E3-C20C004160DD}.Release|x86.Build.0 = Release|Win32
	EndGlobalSection
	GlobalSection(SolutionProperties) = preSolution
		HideSolutionNode = FALSE
	EndGlobalSection
	GlobalSection(ExtensibilityGlobals) = postSolution
		SolutionGuid = {DC77EC76-AFF7-48F4-BC79-A608C2A82F11}
	EndGlobalSection
	GlobalSection(SharedMSBuildProjectFiles) = preSolution
		Common\Common.vcxitems*{63fa359f-ebe5-4f52-b369-7eb04e8c4a0c}*SharedItemsImports = 4
		Common\Common.vcxitems*{b9fe9075-218b-4b9a-b243-b9eb2642150d}*SharedItemsImports = 9
	EndGlobalSection
EndGlobal
